
Microsoft Visual Studio Solution File, Format Version 12.00
# Visual Studio Version 17
VisualStudioVersion = 17.7.34009.444
MinimumVisualStudioVersion = 10.0.40219.1
Project("{FAE04EC0-301F-11D3-BF4B-00C04F79EFBC}") = "Consolidator", "Consolidator\Consolidator.csproj", "{91B47054-7AE5-40C9-8221-86F207614BDB}"
EndProject
Global
	GlobalSection(SolutionConfigurationPlatforms) = preSolution
		Debug|Any CPU = Debug|Any CPU
		Release|Any CPU = Release|Any CPU
	EndGlobalSection
	GlobalSection(ProjectConfigurationPlatforms) = postSolution
		{91B47054-7AE5-40C9-8221-86F207614BDB}.Debug|Any CPU.ActiveCfg = Debug|Any CPU
		{91B47054-7AE5-40C9-8221-86F207614BDB}.Debug|Any CPU.Build.0 = Debug|Any CPU
		{91B47054-7AE5-40C9-8221-86F207614BDB}.Release|Any CPU.ActiveCfg = Release|Any CPU
		{91B47054-7AE5-40C9-8221-86F207614BDB}.Release|Any CPU.Build.0 = Release|Any CPU
	EndGlobalSection
	GlobalSection(SolutionProperties) = preSolution
		HideSolutionNode = FALSE
	EndGlobalSection
	GlobalSection(ExtensibilityGlobals) = postSolution
		SolutionGuid = {818D91DC-1008-4882-BC99-B1514E4D62EA}
	EndGlobalSection
EndGlobal
